
Microsoft Visual Studio Solution File, Format Version 12.00
# Visual Studio Version 17
VisualStudioVersion = 17.0.31912.275
MinimumVisualStudioVersion = 10.0.40219.1
Project("{9A19103F-16F7-4668-BE54-9A1E7A4F7556}") = "ForceSourceGenCodeOutput", "ForceSourceGenCodeOutput\ForceSourceGenCodeOutput.csproj", "{7A9B77FA-44BA-4921-A160-0C3758957616}"
EndProject
Project("{9A19103F-16F7-4668-BE54-9A1E7A4F7556}") = "MyNastyCodeGenerator", "MyNastyCodeGenerator\MyNastyCodeGenerator.csproj", "{F5B2B411-F634-46D2-9373-1B7A1C811FFB}"
EndProject
Project("{2150E333-8FDC-42A3-9474-1A3956D46DE8}") = "Other Items", "Other Items", "{B81389B9-8F83-4F89-AC88-2BF4889091EF}"
	ProjectSection(SolutionItems) = preProject
		Readme.md = Readme.md
	EndProjectSection
EndProject
Global
	GlobalSection(SolutionConfigurationPlatforms) = preSolution
		Debug|Any CPU = Debug|Any CPU
		Release|Any CPU = Release|Any CPU
	EndGlobalSection
	GlobalSection(ProjectConfigurationPlatforms) = postSolution
		{7A9B77FA-44BA-4921-A160-0C3758957616}.Debug|Any CPU.ActiveCfg = Debug|Any CPU
		{7A9B77FA-44BA-4921-A160-0C3758957616}.Debug|Any CPU.Build.0 = Debug|Any CPU
		{7A9B77FA-44BA-4921-A160-0C3758957616}.Release|Any CPU.ActiveCfg = Release|Any CPU
		{7A9B77FA-44BA-4921-A160-0C3758957616}.Release|Any CPU.Build.0 = Release|Any CPU
		{F5B2B411-F634-46D2-9373-1B7A1C811FFB}.Debug|Any CPU.ActiveCfg = Debug|Any CPU
		{F5B2B411-F634-46D2-9373-1B7A1C811FFB}.Debug|Any CPU.Build.0 = Debug|Any CPU
		{F5B2B411-F634-46D2-9373-1B7A1C811FFB}.Release|Any CPU.ActiveCfg = Release|Any CPU
		{F5B2B411-F634-46D2-9373-1B7A1C811FFB}.Release|Any CPU.Build.0 = Release|Any CPU
	EndGlobalSection
	GlobalSection(SolutionProperties) = preSolution
		HideSolutionNode = FALSE
	EndGlobalSection
	GlobalSection(ExtensibilityGlobals) = postSolution
		SolutionGuid = {43FED368-AC4D-4644-9D7A-FC4B59CD4214}
	EndGlobalSection
EndGlobal
